# generated by rye
# use `rye lock` or `rye sync` to update this lockfile
#
# last locked with the following flags:
#   pre: false
#   features: []
#   all-features: false
#   with-sources: false

-e file:.
agate==1.7.1
    # via dbt-core
aiobotocore==2.11.2
    # via s3fs
aiohttp==3.9.3
    # via aiobotocore
    # via s3fs
aioitertools==0.11.0
    # via aiobotocore
aiosignal==1.3.1
    # via aiohttp
alembic==1.13.1
    # via dagster
aniso8601==9.0.1
    # via graphene
annotated-types==0.6.0
    # via pydantic
anyio==4.3.0
    # via gql
    # via starlette
    # via watchfiles
attrs==23.2.0
    # via aiohttp
    # via jsonschema
    # via referencing
babel==2.14.0
    # via agate
backoff==2.2.1
    # via gql
botocore==1.34.34
    # via aiobotocore
certifi==2024.2.2
    # via requests
cffi==1.16.0
    # via dbt-core
charset-normalizer==3.3.2
    # via requests
click==8.1.7
    # via dagster
    # via dagster-webserver
    # via dbt-core
    # via dbt-semantic-interfaces
    # via typer
    # via uvicorn
colorama==0.4.6
    # via dbt-core
coloredlogs==14.0
    # via dagster
croniter==2.0.1
    # via dagster
dagster==1.6.6
    # via dagster-dbt
    # via dagster-duckdb
    # via dagster-duckdb-pandas
    # via dagster-graphql
    # via dagster-webserver
    # via quickstart-etl
dagster-dbt==0.22.6
    # via quickstart-etl
dagster-duckdb==0.22.6
    # via dagster-duckdb-pandas
    # via quickstart-etl
dagster-duckdb-pandas==0.22.6
    # via quickstart-etl
dagster-graphql==1.6.6
    # via dagster-webserver
    # via quickstart-etl
dagster-pipes==1.6.6
    # via dagster
dagster-webserver==1.6.6
    # via quickstart-etl
dbt-core==1.7.8
    # via dagster-dbt
    # via dbt-duckdb
dbt-duckdb==1.7.2
    # via quickstart-etl
dbt-extractor==0.5.1
    # via dbt-core
dbt-semantic-interfaces==0.4.3
    # via dbt-core
docstring-parser==0.15
    # via dagster
duckdb==0.10.0
    # via dagster-duckdb
    # via dbt-duckdb
    # via quickstart-etl
frozenlist==1.4.1
    # via aiohttp
    # via aiosignal
fsspec==2024.2.0
    # via quickstart-etl
    # via s3fs
    # via universal-pathlib
gql==3.5.0
    # via dagster-graphql
    # via gql
graphene==3.3
    # via dagster-graphql
graphql-core==3.2.3
    # via gql
    # via graphene
    # via graphql-relay
graphql-relay==3.2.0
    # via graphene
greenlet==3.0.3
    # via sqlalchemy
grpcio==1.62.0
    # via dagster
    # via grpcio-health-checking
grpcio-health-checking==1.62.0
    # via dagster
h11==0.14.0
    # via uvicorn
httptools==0.6.1
    # via uvicorn
humanfriendly==10.0
    # via coloredlogs
idna==3.6
    # via anyio
    # via dbt-core
    # via requests
    # via yarl
importlib-metadata==6.11.0
    # via dbt-semantic-interfaces
isodate==0.6.1
    # via agate
    # via dbt-core
jinja2==3.1.3
    # via dagster
    # via dagster-dbt
    # via dbt-core
    # via dbt-semantic-interfaces
jmespath==1.0.1
    # via botocore
jsonschema==4.21.1
    # via dbt-core
    # via dbt-semantic-interfaces
jsonschema-specifications==2023.12.1
    # via jsonschema
leather==0.4.0
    # via agate
logbook==1.5.3
    # via dbt-core
mako==1.3.2
    # via alembic
markdown-it-py==3.0.0
    # via rich
markupsafe==2.1.5
    # via jinja2
    # via mako
mashumaro==3.12
    # via dbt-core
    # via mashumaro
mdurl==0.1.2
    # via markdown-it-py
minimal-snowplow-tracker==0.0.2
    # via dbt-core
more-itertools==10.2.0
    # via dbt-semantic-interfaces
msgpack==1.0.7
    # via mashumaro
multidict==6.0.5
    # via aiohttp
    # via yarl
networkx==3.2.1
    # via dagster-dbt
    # via dbt-core
numpy==1.26.4
    # via pandas
    # via pyarrow
orjson==3.9.15
    # via dagster-dbt
packaging==23.2
    # via dagster
    # via dagster-dbt
    # via dbt-core
pandas==2.0.3
    # via dagster-duckdb-pandas
parsedatetime==2.6
    # via agate
pathspec==0.11.2
    # via dbt-core
pendulum==3.0.0
    # via dagster
protobuf==4.25.3
    # via dagster
    # via dbt-core
    # via grpcio-health-checking
pyarrow==15.0.0
    # via quickstart-etl
pycparser==2.21
    # via cffi
pydantic==2.6.2
    # via dagster
    # via dbt-semantic-interfaces
pydantic-core==2.16.3
    # via pydantic
pygments==2.17.2
    # via rich
python-dateutil==2.8.2
    # via botocore
    # via croniter
    # via dagster
    # via dbt-semantic-interfaces
    # via pandas
    # via pendulum
    # via time-machine
    # via trino
python-dotenv==1.0.1
    # via dagster
    # via quickstart-etl
    # via uvicorn
python-slugify==8.0.4
    # via agate
pytimeparse==1.1.8
    # via agate
pytz==2024.1
    # via croniter
    # via dagster
    # via dbt-core
    # via pandas
    # via trino
pyyaml==6.0.1
    # via dagster
    # via dbt-core
    # via dbt-semantic-interfaces
    # via uvicorn
referencing==0.33.0
    # via jsonschema
    # via jsonschema-specifications
requests==2.31.0
    # via dagster
    # via dagster-dbt
    # via dagster-graphql
    # via dbt-core
    # via gql
    # via minimal-snowplow-tracker
    # via requests-toolbelt
    # via trino
requests-toolbelt==1.0.0
    # via gql
rich==13.7.0
    # via dagster
    # via dagster-dbt
rpds-py==0.18.0
    # via jsonschema
    # via referencing
s3fs==2024.2.0
    # via quickstart-etl
six==1.16.0
    # via isodate
    # via minimal-snowplow-tracker
    # via python-dateutil
sniffio==1.3.0
    # via anyio
sqlalchemy==2.0.27
    # via alembic
    # via dagster
    # via trino
sqlparse==0.4.4
    # via dbt-core
starlette==0.37.1
    # via dagster-graphql
    # via dagster-webserver
structlog==24.1.0
    # via dagster
tabulate==0.9.0
    # via dagster
text-unidecode==1.3
    # via python-slugify
time-machine==2.13.0
    # via pendulum
tomli==2.0.1
    # via dagster
toposort==1.10
    # via dagster
tqdm==4.66.2
    # via dagster
trino==0.328.0
    # via quickstart-etl
    # via trino
typer==0.9.0
    # via dagster-dbt
typing-extensions==4.9.0
    # via alembic
    # via dagster
    # via dbt-core
    # via dbt-semantic-interfaces
    # via mashumaro
    # via pydantic
    # via pydantic-core
    # via sqlalchemy
    # via typer
tzdata==2024.1
    # via pandas
    # via pendulum
tzlocal==5.2
    # via trino
universal-pathlib==0.2.1
    # via dagster
urllib3==1.26.18
    # via botocore
    # via dbt-core
    # via requests
uvicorn==0.27.1
    # via dagster-webserver
uvloop==0.19.0
    # via uvicorn
watchdog==4.0.0
    # via dagster
watchfiles==0.21.0
    # via uvicorn
websockets==12.0
    # via uvicorn
wrapt==1.16.0
    # via aiobotocore
yarl==1.9.4
    # via aiohttp
    # via gql
zipp==3.17.0
    # via importlib-metadata
setuptools==69.1.1
    # via dagster
